
Microsoft Visual Studio Solution File, Format Version 12.00
# Visual Studio Version 16
VisualStudioVersion = 16.0.29613.14
MinimumVisualStudioVersion = 10.0.40219.1
Project("{FAE04EC0-301F-11D3-BF4B-00C04F79EFBC}") = "ByteBee.SRP", "ByteBee.SRP.csproj", "{28ED211A-1D57-4AF0-A8BC-938C804046A2}"
EndProject
Global
	GlobalSection(SolutionConfigurationPlatforms) = preSolution
		Debug|Any CPU = Debug|Any CPU
		Release|Any CPU = Release|Any CPU
	EndGlobalSection
	GlobalSection(ProjectConfigurationPlatforms) = postSolution
		{28ED211A-1D57-4AF0-A8BC-938C804046A2}.Debug|Any CPU.ActiveCfg = Debug|Any CPU
		{28ED211A-1D57-4AF0-A8BC-938C804046A2}.Debug|Any CPU.Build.0 = Debug|Any CPU
		{28ED211A-1D57-4AF0-A8BC-938C804046A2}.Release|Any CPU.ActiveCfg = Release|Any CPU
		{28ED211A-1D57-4AF0-A8BC-938C804046A2}.Release|Any CPU.Build.0 = Release|Any CPU
	EndGlobalSection
	GlobalSection(SolutionProperties) = preSolution
		HideSolutionNode = FALSE
	EndGlobalSection
	GlobalSection(ExtensibilityGlobals) = postSolution
		SolutionGuid = {B7CB5859-C0D7-4C63-B83D-D37F525F3443}
	EndGlobalSection
EndGlobal
